
Microsoft Visual Studio Solution File, Format Version 12.00
# Visual Studio 15
VisualStudioVersion = 15.0.28010.2048
MinimumVisualStudioVersion = 10.0.40219.1
Project("{FAE04EC0-301F-11D3-BF4B-00C04F79EFBC}") = "aplicacioncobach.Android", "aplicacioncobach\aplicacioncobach.Android\aplicacioncobach.Android.csproj", "{1CD47A16-CF5A-4408-A8A7-383F5E182880}"
EndProject
Project("{FAE04EC0-301F-11D3-BF4B-00C04F79EFBC}") = "aplicacioncobach.iOS", "aplicacioncobach\aplicacioncobach.iOS\aplicacioncobach.iOS.csproj", "{C895429B-DE67-4E28-9C50-20AF680BD616}"
EndProject
Project("{FAE04EC0-301F-11D3-BF4B-00C04F79EFBC}") = "aplicacioncobach.UWP", "aplicacioncobach\aplicacioncobach.UWP\aplicacioncobach.UWP.csproj", "{EB0A2B30-9D27-47F1-B992-163F3B237DDA}"
EndProject
Project("{FAE04EC0-301F-11D3-BF4B-00C04F79EFBC}") = "aplicacioncobach", "aplicacioncobach\aplicacioncobach\aplicacioncobach.csproj", "{A3E019E5-0683-4D5D-9FAD-000791C7591B}"
EndProject
Global
	GlobalSection(SolutionConfigurationPlatforms) = preSolution
		Ad-Hoc|Any CPU = Ad-Hoc|Any CPU
		Ad-Hoc|ARM = Ad-Hoc|ARM
		Ad-Hoc|iPhone = Ad-Hoc|iPhone
		Ad-Hoc|iPhoneSimulator = Ad-Hoc|iPhoneSimulator
		Ad-Hoc|x64 = Ad-Hoc|x64
		Ad-Hoc|x86 = Ad-Hoc|x86
		AppStore|Any CPU = AppStore|Any CPU
		AppStore|ARM = AppStore|ARM
		AppStore|iPhone = AppStore|iPhone
		AppStore|iPhoneSimulator = AppStore|iPhoneSimulator
		AppStore|x64 = AppStore|x64
		AppStore|x86 = AppStore|x86
		Debug|Any CPU = Debug|Any CPU
		Debug|ARM = Debug|ARM
		Debug|iPhone = Debug|iPhone
		Debug|iPhoneSimulator = Debug|iPhoneSimulator
		Debug|x64 = Debug|x64
		Debug|x86 = Debug|x86
		Release|Any CPU = Release|Any CPU
		Release|ARM = Release|ARM
		Release|iPhone = Release|iPhone
		Release|iPhoneSimulator = Release|iPhoneSimulator
		Release|x64 = Release|x64
		Release|x86 = Release|x86
	EndGlobalSection
	GlobalSection(ProjectConfigurationPlatforms) = postSolution
		{1CD47A16-CF5A-4408-A8A7-383F5E182880}.Ad-Hoc|Any CPU.ActiveCfg = Release|Any CPU
		{1CD47A16-CF5A-4408-A8A7-383F5E182880}.Ad-Hoc|Any CPU.Build.0 = Release|Any CPU
		{1CD47A16-CF5A-4408-A8A7-383F5E182880}.Ad-Hoc|Any CPU.Deploy.0 = Release|Any CPU
		{1CD47A16-CF5A-4408-A8A7-383F5E182880}.Ad-Hoc|ARM.ActiveCfg = Release|Any CPU
		{1CD47A16-CF5A-4408-A8A7-383F5E182880}.Ad-Hoc|ARM.Build.0 = Release|Any CPU
		{1CD47A16-CF5A-4408-A8A7-383F5E182880}.Ad-Hoc|ARM.Deploy.0 = Release|Any CPU
		{1CD47A16-CF5A-4408-A8A7-383F5E182880}.Ad-Hoc|iPhone.ActiveCfg = Release|Any CPU
		{1CD47A16-CF5A-4408-A8A7-383F5E182880}.Ad-Hoc|iPhone.Build.0 = Release|Any CPU
		{1CD47A16-CF5A-4408-A8A7-383F5E182880}.Ad-Hoc|iPhone.Deploy.0 = Release|Any CPU
		{1CD47A16-CF5A-4408-A8A7-383F5E182880}.Ad-Hoc|iPhoneSimulator.ActiveCfg = Release|Any CPU
		{1CD47A16-CF5A-4408-A8A7-383F5E182880}.Ad-Hoc|iPhoneSimulator.Build.0 = Release|Any CPU
		{1CD47A16-CF5A-4408-A8A7-383F5E182880}.Ad-Hoc|iPhoneSimulator.Deploy.0 = Release|Any CPU
		{1CD47A16-CF5A-4408-A8A7-383F5E182880}.Ad-Hoc|x64.ActiveCfg = Release|Any CPU
		{1CD47A16-CF5A-4408-A8A7-383F5E182880}.Ad-Hoc|x64.Build.0 = Release|Any CPU
		{1CD47A16-CF5A-4408-A8A7-383F5E182880}.Ad-Hoc|x64.Deploy.0 = Release|Any CPU
		{1CD47A16-CF5A-4408-A8A7-383F5E182880}.Ad-Hoc|x86.ActiveCfg = Release|Any CPU
		{1CD47A16-CF5A-4408-A8A7-383F5E182880}.Ad-Hoc|x86.Build.0 = Release|Any CPU
		{1CD47A16-CF5A-4408-A8A7-383F5E182880}.Ad-Hoc|x86.Deploy.0 = Release|Any CPU
		{1CD47A16-CF5A-4408-A8A7-383F5E182880}.AppStore|Any CPU.ActiveCfg = Release|Any CPU
		{1CD47A16-CF5A-4408-A8A7-383F5E182880}.AppStore|Any CPU.Build.0 = Release|Any CPU
		{1CD47A16-CF5A-4408-A8A7-383F5E182880}.AppStore|Any CPU.Deploy.0 = Release|Any CPU
		{1CD47A16-CF5A-4408-A8A7-383F5E182880}.AppStore|ARM.ActiveCfg = Release|Any CPU
		{1CD47A16-CF5A-4408-A8A7-383F5E182880}.AppStore|ARM.Build.0 = Release|Any CPU
		{1CD47A16-CF5A-4408-A8A7-383F5E182880}.AppStore|ARM.Deploy.0 = Release|Any CPU
		{1CD47A16-CF5A-4408-A8A7-383F5E182880}.AppStore|iPhone.ActiveCfg = Release|Any CPU
		{1CD47A16-CF5A-4408-A8A7-383F5E182880}.AppStore|iPhone.Build.0 = Release|Any CPU
		{1CD47A16-CF5A-4408-A8A7-383F5E182880}.AppStore|iPhone.Deploy.0 = Release|Any CPU
		{1CD47A16-CF5A-4408-A8A7-383F5E182880}.AppStore|iPhoneSimulator.ActiveCfg = Release|Any CPU
		{1CD47A16-CF5A-4408-A8A7-383F5E182880}.AppStore|iPhoneSimulator.Build.0 = Release|Any CPU
		{1CD47A16-CF5A-4408-A8A7-383F5E182880}.AppStore|iPhoneSimulator.Deploy.0 = Release|Any CPU
		{1CD47A16-CF5A-4408-A8A7-383F5E182880}.AppStore|x64.ActiveCfg = Release|Any CPU
		{1CD47A16-CF5A-4408-A8A7-383F5E182880}.AppStore|x64.Build.0 = Release|Any CPU
		{1CD47A16-CF5A-4408-A8A7-383F5E182880}.AppStore|x64.Deploy.0 = Release|Any CPU
		{1CD47A16-CF5A-4408-A8A7-383F5E182880}.AppStore|x86.ActiveCfg = Release|Any CPU
		{1CD47A16-CF5A-4408-A8A7-383F5E182880}.AppStore|x86.Build.0 = Release|Any CPU
		{1CD47A16-CF5A-4408-A8A7-383F5E182880}.AppStore|x86.Deploy.0 = Release|Any CPU
		{1CD47A16-CF5A-4408-A8A7-383F5E182880}.Debug|Any CPU.ActiveCfg = Debug|Any CPU
		{1CD47A16-CF5A-4408-A8A7-383F5E182880}.Debug|Any CPU.Build.0 = Debug|Any CPU
		{1CD47A16-CF5A-4408-A8A7-383F5E182880}.Debug|Any CPU.Deploy.0 = Debug|Any CPU
		{1CD47A16-CF5A-4408-A8A7-383F5E182880}.Debug|ARM.ActiveCfg = Debug|Any CPU
		{1CD47A16-CF5A-4408-A8A7-383F5E182880}.Debug|ARM.Build.0 = Debug|Any CPU
		{1CD47A16-CF5A-4408-A8A7-383F5E182880}.Debug|ARM.Deploy.0 = Debug|Any CPU
		{1CD47A16-CF5A-4408-A8A7-383F5E182880}.Debug|iPhone.ActiveCfg = Debug|Any CPU
		{1CD47A16-CF5A-4408-A8A7-383F5E182880}.Debug|iPhone.Build.0 = Debug|Any CPU
		{1CD47A16-CF5A-4408-A8A7-383F5E182880}.Debug|iPhone.Deploy.0 = Debug|Any CPU
		{1CD47A16-CF5A-4408-A8A7-383F5E182880}.Debug|iPhoneSimulator.ActiveCfg = Debug|Any CPU
		{1CD47A16-CF5A-4408-A8A7-383F5E182880}.Debug|iPhoneSimulator.Build.0 = Debug|Any CPU
		{1CD47A16-CF5A-4408-A8A7-383F5E182880}.Debug|iPhoneSimulator.Deploy.0 = Debug|Any CPU
		{1CD47A16-CF5A-4408-A8A7-383F5E182880}.Debug|x64.ActiveCfg = Debug|Any CPU
		{1CD47A16-CF5A-4408-A8A7-383F5E182880}.Debug|x64.Build.0 = Debug|Any CPU
		{1CD47A16-CF5A-4408-A8A7-383F5E182880}.Debug|x64.Deploy.0 = Debug|Any CPU
		{1CD47A16-CF5A-4408-A8A7-383F5E182880}.Debug|x86.ActiveCfg = Debug|Any CPU
		{1CD47A16-CF5A-4408-A8A7-383F5E182880}.Debug|x86.Build.0 = Debug|Any CPU
		{1CD47A16-CF5A-4408-A8A7-383F5E182880}.Debug|x86.Deploy.0 = Debug|Any CPU
		{1CD47A16-CF5A-4408-A8A7-383F5E182880}.Release|Any CPU.ActiveCfg = Release|Any CPU
		{1CD47A16-CF5A-4408-A8A7-383F5E182880}.Release|Any CPU.Build.0 = Release|Any CPU
		{1CD47A16-CF5A-4408-A8A7-383F5E182880}.Release|Any CPU.Deploy.0 = Release|Any CPU
		{1CD47A16-CF5A-4408-A8A7-383F5E182880}.Release|ARM.ActiveCfg = Release|Any CPU
		{1CD47A16-CF5A-4408-A8A7-383F5E182880}.Release|ARM.Build.0 = Release|Any CPU
		{1CD47A16-CF5A-4408-A8A7-383F5E182880}.Release|ARM.Deploy.0 = Release|Any CPU
		{1CD47A16-CF5A-4408-A8A7-383F5E182880}.Release|iPhone.ActiveCfg = Release|Any CPU
		{1CD47A16-CF5A-4408-A8A7-383F5E182880}.Release|iPhone.Build.0 = Release|Any CPU
		{1CD47A16-CF5A-4408-A8A7-383F5E182880}.Release|iPhone.Deploy.0 = Release|Any CPU
		{1CD47A16-CF5A-4408-A8A7-383F5E182880}.Release|iPhoneSimulator.ActiveCfg = Release|Any CPU
		{1CD47A16-CF5A-4408-A8A7-383F5E182880}.Release|iPhoneSimulator.Build.0 = Release|Any CPU
		{1CD47A16-CF5A-4408-A8A7-383F5E182880}.Release|iPhoneSimulator.Deploy.0 = Release|Any CPU
		{1CD47A16-CF5A-4408-A8A7-383F5E182880}.Release|x64.ActiveCfg = Release|Any CPU
		{1CD47A16-CF5A-4408-A8A7-383F5E182880}.Release|x64.Build.0 = Release|Any CPU
		{1CD47A16-CF5A-4408-A8A7-383F5E182880}.Release|x64.Deploy.0 = Release|Any CPU
		{1CD47A16-CF5A-4408-A8A7-383F5E182880}.Release|x86.ActiveCfg = Release|Any CPU
		{1CD47A16-CF5A-4408-A8A7-383F5E182880}.Release|x86.Build.0 = Release|Any CPU
		{1CD47A16-CF5A-4408-A8A7-383F5E182880}.Release|x86.Deploy.0 = Release|Any CPU
		{C895429B-DE67-4E28-9C50-20AF680BD616}.Ad-Hoc|Any CPU.ActiveCfg = Ad-Hoc|iPhone
		{C895429B-DE67-4E28-9C50-20AF680BD616}.Ad-Hoc|Any CPU.Build.0 = Ad-Hoc|iPhone
		{C895429B-DE67-4E28-9C50-20AF680BD616}.Ad-Hoc|Any CPU.Deploy.0 = Ad-Hoc|iPhone
		{C895429B-DE67-4E28-9C50-20AF680BD616}.Ad-Hoc|ARM.ActiveCfg = Ad-Hoc|iPhone
		{C895429B-DE67-4E28-9C50-20AF680BD616}.Ad-Hoc|ARM.Build.0 = Ad-Hoc|iPhone
		{C895429B-DE67-4E28-9C50-20AF680BD616}.Ad-Hoc|ARM.Deploy.0 = Ad-Hoc|iPhone
		{C895429B-DE67-4E28-9C50-20AF680BD616}.Ad-Hoc|iPhone.ActiveCfg = Ad-Hoc|iPhone
		{C895429B-DE67-4E28-9C50-20AF680BD616}.Ad-Hoc|iPhone.Build.0 = Ad-Hoc|iPhone
		{C895429B-DE67-4E28-9C50-20AF680BD616}.Ad-Hoc|iPhone.Deploy.0 = Ad-Hoc|iPhone
		{C895429B-DE67-4E28-9C50-20AF680BD616}.Ad-Hoc|iPhoneSimulator.ActiveCfg = Ad-Hoc|iPhoneSimulator
		{C895429B-DE67-4E28-9C50-20AF680BD616}.Ad-Hoc|iPhoneSimulator.Build.0 = Ad-Hoc|iPhoneSimulator
		{C895429B-DE67-4E28-9C50-20AF680BD616}.Ad-Hoc|iPhoneSimulator.Deploy.0 = Ad-Hoc|iPhoneSimulator
		{C895429B-DE67-4E28-9C50-20AF680BD616}.Ad-Hoc|x64.ActiveCfg = Ad-Hoc|iPhone
		{C895429B-DE67-4E28-9C50-20AF680BD616}.Ad-Hoc|x64.Build.0 = Ad-Hoc|iPhone
		{C895429B-DE67-4E28-9C50-20AF680BD616}.Ad-Hoc|x64.Deploy.0 = Ad-Hoc|iPhone
		{C895429B-DE67-4E28-9C50-20AF680BD616}.Ad-Hoc|x86.ActiveCfg = Ad-Hoc|iPhone
		{C895429B-DE67-4E28-9C50-20AF680BD616}.Ad-Hoc|x86.Build.0 = Ad-Hoc|iPhone
		{C895429B-DE67-4E28-9C50-20AF680BD616}.Ad-Hoc|x86.Deploy.0 = Ad-Hoc|iPhone
		{C895429B-DE67-4E28-9C50-20AF680BD616}.AppStore|Any CPU.ActiveCfg = AppStore|iPhone
		{C895429B-DE67-4E28-9C50-20AF680BD616}.AppStore|Any CPU.Build.0 = AppStore|iPhone
		{C895429B-DE67-4E28-9C50-20AF680BD616}.AppStore|Any CPU.Deploy.0 = AppStore|iPhone
		{C895429B-DE67-4E28-9C50-20AF680BD616}.AppStore|ARM.ActiveCfg = AppStore|iPhone
		{C895429B-DE67-4E28-9C50-20AF680BD616}.AppStore|ARM.Build.0 = AppStore|iPhone
		{C895429B-DE67-4E28-9C50-20AF680BD616}.AppStore|ARM.Deploy.0 = AppStore|iPhone
		{C895429B-DE67-4E28-9C50-20AF680BD616}.AppStore|iPhone.ActiveCfg = AppStore|iPhone
		{C895429B-DE67-4E28-9C50-20AF680BD616}.AppStore|iPhone.Build.0 = AppStore|iPhone
		{C895429B-DE67-4E28-9C50-20AF680BD616}.AppStore|iPhone.Deploy.0 = AppStore|iPhone
		{C895429B-DE67-4E28-9C50-20AF680BD616}.AppStore|iPhoneSimulator.ActiveCfg = AppStore|iPhoneSimulator
		{C895429B-DE67-4E28-9C50-20AF680BD616}.AppStore|iPhoneSimulator.Build.0 = AppStore|iPhoneSimulator
		{C895429B-DE67-4E28-9C50-20AF680BD616}.AppStore|iPhoneSimulator.Deploy.0 = AppStore|iPhoneSimulator
		{C895429B-DE67-4E28-9C50-20AF680BD616}.AppStore|x64.ActiveCfg = AppStore|iPhone
		{C895429B-DE67-4E28-9C50-20AF680BD616}.AppStore|x64.Build.0 = AppStore|iPhone
		{C895429B-DE67-4E28-9C50-20AF680BD616}.AppStore|x64.Deploy.0 = AppStore|iPhone
		{C895429B-DE67-4E28-9C50-20AF680BD616}.AppStore|x86.ActiveCfg = AppStore|iPhone
		{C895429B-DE67-4E28-9C50-20AF680BD616}.AppStore|x86.Build.0 = AppStore|iPhone
		{C895429B-DE67-4E28-9C50-20AF680BD616}.AppStore|x86.Deploy.0 = AppStore|iPhone
		{C895429B-DE67-4E28-9C50-20AF680BD616}.Debug|Any CPU.ActiveCfg = Debug|iPhoneSimulator
		{C895429B-DE67-4E28-9C50-20AF680BD616}.Debug|Any CPU.Build.0 = Debug|iPhoneSimulator
		{C895429B-DE67-4E28-9C50-20AF680BD616}.Debug|Any CPU.Deploy.0 = Debug|iPhoneSimulator
		{C895429B-DE67-4E28-9C50-20AF680BD616}.Debug|ARM.ActiveCfg = Debug|iPhone
		{C895429B-DE67-4E28-9C50-20AF680BD616}.Debug|ARM.Build.0 = Debug|iPhone
		{C895429B-DE67-4E28-9C50-20AF680BD616}.Debug|ARM.Deploy.0 = Debug|iPhone
		{C895429B-DE67-4E28-9C50-20AF680BD616}.Debug|iPhone.ActiveCfg = Debug|iPhone
		{C895429B-DE67-4E28-9C50-20AF680BD616}.Debug|iPhone.Build.0 = Debug|iPhone
		{C895429B-DE67-4E28-9C50-20AF680BD616}.Debug|iPhone.Deploy.0 = Debug|iPhone
		{C895429B-DE67-4E28-9C50-20AF680BD616}.Debug|iPhoneSimulator.ActiveCfg = Debug|iPhoneSimulator
		{C895429B-DE67-4E28-9C50-20AF680BD616}.Debug|iPhoneSimulator.Build.0 = Debug|iPhoneSimulator
		{C895429B-DE67-4E28-9C50-20AF680BD616}.Debug|iPhoneSimulator.Deploy.0 = Debug|iPhoneSimulator
		{C895429B-DE67-4E28-9C50-20AF680BD616}.Debug|x64.ActiveCfg = Debug|iPhone
		{C895429B-DE67-4E28-9C50-20AF680BD616}.Debug|x64.Build.0 = Debug|iPhone
		{C895429B-DE67-4E28-9C50-20AF680BD616}.Debug|x64.Deploy.0 = Debug|iPhone
		{C895429B-DE67-4E28-9C50-20AF680BD616}.Debug|x86.ActiveCfg = Debug|iPhone
		{C895429B-DE67-4E28-9C50-20AF680BD616}.Debug|x86.Build.0 = Debug|iPhone
		{C895429B-DE67-4E28-9C50-20AF680BD616}.Debug|x86.Deploy.0 = Debug|iPhone
		{C895429B-DE67-4E28-9C50-20AF680BD616}.Release|Any CPU.ActiveCfg = Release|iPhone
		{C895429B-DE67-4E28-9C50-20AF680BD616}.Release|Any CPU.Build.0 = Release|iPhone
		{C895429B-DE67-4E28-9C50-20AF680BD616}.Release|Any CPU.Deploy.0 = Release|iPhone
		{C895429B-DE67-4E28-9C50-20AF680BD616}.Release|ARM.ActiveCfg = Release|iPhone
		{C895429B-DE67-4E28-9C50-20AF680BD616}.Release|ARM.Build.0 = Release|iPhone
		{C895429B-DE67-4E28-9C50-20AF680BD616}.Release|ARM.Deploy.0 = Release|iPhone
		{C895429B-DE67-4E28-9C50-20AF680BD616}.Release|iPhone.ActiveCfg = Release|iPhone
		{C895429B-DE67-4E28-9C50-20AF680BD616}.Release|iPhone.Build.0 = Release|iPhone
		{C895429B-DE67-4E28-9C50-20AF680BD616}.Release|iPhone.Deploy.0 = Release|iPhone
		{C895429B-DE67-4E28-9C50-20AF680BD616}.Release|iPhoneSimulator.ActiveCfg = Release|iPhoneSimulator
		{C895429B-DE67-4E28-9C50-20AF680BD616}.Release|iPhoneSimulator.Build.0 = Release|iPhoneSimulator
		{C895429B-DE67-4E28-9C50-20AF680BD616}.Release|iPhoneSimulator.Deploy.0 = Release|iPhoneSimulator
		{C895429B-DE67-4E28-9C50-20AF680BD616}.Release|x64.ActiveCfg = Release|iPhone
		{C895429B-DE67-4E28-9C50-20AF680BD616}.Release|x64.Build.0 = Release|iPhone
		{C895429B-DE67-4E28-9C50-20AF680BD616}.Release|x64.Deploy.0 = Release|iPhone
		{C895429B-DE67-4E28-9C50-20AF680BD616}.Release|x86.ActiveCfg = Release|iPhone
		{C895429B-DE67-4E28-9C50-20AF680BD616}.Release|x86.Build.0 = Release|iPhone
		{C895429B-DE67-4E28-9C50-20AF680BD616}.Release|x86.Deploy.0 = Release|iPhone
		{EB0A2B30-9D27-47F1-B992-163F3B237DDA}.Ad-Hoc|Any CPU.ActiveCfg = Release|x86
		{EB0A2B30-9D27-47F1-B992-163F3B237DDA}.Ad-Hoc|Any CPU.Build.0 = Release|x86
		{EB0A2B30-9D27-47F1-B992-163F3B237DDA}.Ad-Hoc|Any CPU.Deploy.0 = Release|x86
		{EB0A2B30-9D27-47F1-B992-163F3B237DDA}.Ad-Hoc|ARM.ActiveCfg = Release|ARM
		{EB0A2B30-9D27-47F1-B992-163F3B237DDA}.Ad-Hoc|ARM.Build.0 = Release|ARM
		{EB0A2B30-9D27-47F1-B992-163F3B237DDA}.Ad-Hoc|ARM.Deploy.0 = Release|ARM
		{EB0A2B30-9D27-47F1-B992-163F3B237DDA}.Ad-Hoc|iPhone.ActiveCfg = Release|x86
		{EB0A2B30-9D27-47F1-B992-163F3B237DDA}.Ad-Hoc|iPhone.Build.0 = Release|x86
		{EB0A2B30-9D27-47F1-B992-163F3B237DDA}.Ad-Hoc|iPhone.Deploy.0 = Release|x86
		{EB0A2B30-9D27-47F1-B992-163F3B237DDA}.Ad-Hoc|iPhoneSimulator.ActiveCfg = Release|x86
		{EB0A2B30-9D27-47F1-B992-163F3B237DDA}.Ad-Hoc|iPhoneSimulator.Build.0 = Release|x86
		{EB0A2B30-9D27-47F1-B992-163F3B237DDA}.Ad-Hoc|iPhoneSimulator.Deploy.0 = Release|x86
		{EB0A2B30-9D27-47F1-B992-163F3B237DDA}.Ad-Hoc|x64.ActiveCfg = Release|x64
		{EB0A2B30-9D27-47F1-B992-163F3B237DDA}.Ad-Hoc|x64.Build.0 = Release|x64
		{EB0A2B30-9D27-47F1-B992-163F3B237DDA}.Ad-Hoc|x64.Deploy.0 = Release|x64
		{EB0A2B30-9D27-47F1-B992-163F3B237DDA}.Ad-Hoc|x86.ActiveCfg = Release|x86
		{EB0A2B30-9D27-47F1-B992-163F3B237DDA}.Ad-Hoc|x86.Build.0 = Release|x86
		{EB0A2B30-9D27-47F1-B992-163F3B237DDA}.Ad-Hoc|x86.Deploy.0 = Release|x86
		{EB0A2B30-9D27-47F1-B992-163F3B237DDA}.AppStore|Any CPU.ActiveCfg = Release|x86
		{EB0A2B30-9D27-47F1-B992-163F3B237DDA}.AppStore|Any CPU.Build.0 = Release|x86
		{EB0A2B30-9D27-47F1-B992-163F3B237DDA}.AppStore|Any CPU.Deploy.0 = Release|x86
		{EB0A2B30-9D27-47F1-B992-163F3B237DDA}.AppStore|ARM.ActiveCfg = Release|ARM
		{EB0A2B30-9D27-47F1-B992-163F3B237DDA}.AppStore|ARM.Build.0 = Release|ARM
		{EB0A2B30-9D27-47F1-B992-163F3B237DDA}.AppStore|ARM.Deploy.0 = Release|ARM
		{EB0A2B30-9D27-47F1-B992-163F3B237DDA}.AppStore|iPhone.ActiveCfg = Release|x86
		{EB0A2B30-9D27-47F1-B992-163F3B237DDA}.AppStore|iPhone.Build.0 = Release|x86
		{EB0A2B30-9D27-47F1-B992-163F3B237DDA}.AppStore|iPhone.Deploy.0 = Release|x86
		{EB0A2B30-9D27-47F1-B992-163F3B237DDA}.AppStore|iPhoneSimulator.ActiveCfg = Release|x86
		{EB0A2B30-9D27-47F1-B992-163F3B237DDA}.AppStore|iPhoneSimulator.Build.0 = Release|x86
		{EB0A2B30-9D27-47F1-B992-163F3B237DDA}.AppStore|iPhoneSimulator.Deploy.0 = Release|x86
		{EB0A2B30-9D27-47F1-B992-163F3B237DDA}.AppStore|x64.ActiveCfg = Release|x64
		{EB0A2B30-9D27-47F1-B992-163F3B237DDA}.AppStore|x64.Build.0 = Release|x64
		{EB0A2B30-9D27-47F1-B992-163F3B237DDA}.AppStore|x64.Deploy.0 = Release|x64
		{EB0A2B30-9D27-47F1-B992-163F3B237DDA}.AppStore|x86.ActiveCfg = Release|x86
		{EB0A2B30-9D27-47F1-B992-163F3B237DDA}.AppStore|x86.Build.0 = Release|x86
		{EB0A2B30-9D27-47F1-B992-163F3B237DDA}.AppStore|x86.Deploy.0 = Release|x86
		{EB0A2B30-9D27-47F1-B992-163F3B237DDA}.Debug|Any CPU.ActiveCfg = Debug|x86
		{EB0A2B30-9D27-47F1-B992-163F3B237DDA}.Debug|Any CPU.Build.0 = Debug|x86
		{EB0A2B30-9D27-47F1-B992-163F3B237DDA}.Debug|Any CPU.Deploy.0 = Debug|x86
		{EB0A2B30-9D27-47F1-B992-163F3B237DDA}.Debug|ARM.ActiveCfg = Debug|ARM
		{EB0A2B30-9D27-47F1-B992-163F3B237DDA}.Debug|ARM.Build.0 = Debug|ARM
		{EB0A2B30-9D27-47F1-B992-163F3B237DDA}.Debug|ARM.Deploy.0 = Debug|ARM
		{EB0A2B30-9D27-47F1-B992-163F3B237DDA}.Debug|iPhone.ActiveCfg = Debug|x86
		{EB0A2B30-9D27-47F1-B992-163F3B237DDA}.Debug|iPhone.Build.0 = Debug|x86
		{EB0A2B30-9D27-47F1-B992-163F3B237DDA}.Debug|iPhone.Deploy.0 = Debug|x86
		{EB0A2B30-9D27-47F1-B992-163F3B237DDA}.Debug|iPhoneSimulator.ActiveCfg = Debug|x86
		{EB0A2B30-9D27-47F1-B992-163F3B237DDA}.Debug|iPhoneSimulator.Build.0 = Debug|x86
		{EB0A2B30-9D27-47F1-B992-163F3B237DDA}.Debug|iPhoneSimulator.Deploy.0 = Debug|x86
		{EB0A2B30-9D27-47F1-B992-163F3B237DDA}.Debug|x64.ActiveCfg = Debug|x64
		{EB0A2B30-9D27-47F1-B992-163F3B237DDA}.Debug|x64.Build.0 = Debug|x64
		{EB0A2B30-9D27-47F1-B992-163F3B237DDA}.Debug|x64.Deploy.0 = Debug|x64
		{EB0A2B30-9D27-47F1-B992-163F3B237DDA}.Debug|x86.ActiveCfg = Debug|x86
		{EB0A2B30-9D27-47F1-B992-163F3B237DDA}.Debug|x86.Build.0 = Debug|x86
		{EB0A2B30-9D27-47F1-B992-163F3B237DDA}.Debug|x86.Deploy.0 = Debug|x86
		{EB0A2B30-9D27-47F1-B992-163F3B237DDA}.Release|Any CPU.ActiveCfg = Release|x86
		{EB0A2B30-9D27-47F1-B992-163F3B237DDA}.Release|Any CPU.Build.0 = Release|x86
		{EB0A2B30-9D27-47F1-B992-163F3B237DDA}.Release|Any CPU.Deploy.0 = Release|x86
		{EB0A2B30-9D27-47F1-B992-163F3B237DDA}.Release|ARM.ActiveCfg = Release|ARM
		{EB0A2B30-9D27-47F1-B992-163F3B237DDA}.Release|ARM.Build.0 = Release|ARM
		{EB0A2B30-9D27-47F1-B992-163F3B237DDA}.Release|ARM.Deploy.0 = Release|ARM
		{EB0A2B30-9D27-47F1-B992-163F3B237DDA}.Release|iPhone.ActiveCfg = Release|x86
		{EB0A2B30-9D27-47F1-B992-163F3B237DDA}.Release|iPhone.Build.0 = Release|x86
		{EB0A2B30-9D27-47F1-B992-163F3B237DDA}.Release|iPhone.Deploy.0 = Release|x86
		{EB0A2B30-9D27-47F1-B992-163F3B237DDA}.Release|iPhoneSimulator.ActiveCfg = Release|x86
		{EB0A2B30-9D27-47F1-B992-163F3B237DDA}.Release|iPhoneSimulator.Build.0 = Release|x86
		{EB0A2B30-9D27-47F1-B992-163F3B237DDA}.Release|iPhoneSimulator.Deploy.0 = Release|x86
		{EB0A2B30-9D27-47F1-B992-163F3B237DDA}.Release|x64.ActiveCfg = Release|x64
		{EB0A2B30-9D27-47F1-B992-163F3B237DDA}.Release|x64.Build.0 = Release|x64
		{EB0A2B30-9D27-47F1-B992-163F3B237DDA}.Release|x64.Deploy.0 = Release|x64
		{EB0A2B30-9D27-47F1-B992-163F3B237DDA}.Release|x86.ActiveCfg = Release|x86
		{EB0A2B30-9D27-47F1-B992-163F3B237DDA}.Release|x86.Build.0 = Release|x86
		{EB0A2B30-9D27-47F1-B992-163F3B237DDA}.Release|x86.Deploy.0 = Release|x86
		{A3E019E5-0683-4D5D-9FAD-000791C7591B}.Ad-Hoc|Any CPU.ActiveCfg = Debug|Any CPU
		{A3E019E5-0683-4D5D-9FAD-000791C7591B}.Ad-Hoc|Any CPU.Build.0 = Debug|Any CPU
		{A3E019E5-0683-4D5D-9FAD-000791C7591B}.Ad-Hoc|Any CPU.Deploy.0 = Debug|Any CPU
		{A3E019E5-0683-4D5D-9FAD-000791C7591B}.Ad-Hoc|ARM.ActiveCfg = Debug|Any CPU
		{A3E019E5-0683-4D5D-9FAD-000791C7591B}.Ad-Hoc|ARM.Build.0 = Debug|Any CPU
		{A3E019E5-0683-4D5D-9FAD-000791C7591B}.Ad-Hoc|ARM.Deploy.0 = Debug|Any CPU
		{A3E019E5-0683-4D5D-9FAD-000791C7591B}.Ad-Hoc|iPhone.ActiveCfg = Debug|Any CPU
		{A3E019E5-0683-4D5D-9FAD-000791C7591B}.Ad-Hoc|iPhone.Build.0 = Debug|Any CPU
		{A3E019E5-0683-4D5D-9FAD-000791C7591B}.Ad-Hoc|iPhone.Deploy.0 = Debug|Any CPU
		{A3E019E5-0683-4D5D-9FAD-000791C7591B}.Ad-Hoc|iPhoneSimulator.ActiveCfg = Debug|Any CPU
		{A3E019E5-0683-4D5D-9FAD-000791C7591B}.Ad-Hoc|iPhoneSimulator.Build.0 = Debug|Any CPU
		{A3E019E5-0683-4D5D-9FAD-000791C7591B}.Ad-Hoc|iPhoneSimulator.Deploy.0 = Debug|Any CPU
		{A3E019E5-0683-4D5D-9FAD-000791C7591B}.Ad-Hoc|x64.ActiveCfg = Debug|Any CPU
		{A3E019E5-0683-4D5D-9FAD-000791C7591B}.Ad-Hoc|x64.Build.0 = Debug|Any CPU
		{A3E019E5-0683-4D5D-9FAD-000791C7591B}.Ad-Hoc|x64.Deploy.0 = Debug|Any CPU
		{A3E019E5-0683-4D5D-9FAD-000791C7591B}.Ad-Hoc|x86.ActiveCfg = Debug|Any CPU
		{A3E019E5-0683-4D5D-9FAD-000791C7591B}.Ad-Hoc|x86.Build.0 = Debug|Any CPU
		{A3E019E5-0683-4D5D-9FAD-000791C7591B}.Ad-Hoc|x86.Deploy.0 = Debug|Any CPU
		{A3E019E5-0683-4D5D-9FAD-000791C7591B}.AppStore|Any CPU.ActiveCfg = Debug|Any CPU
		{A3E019E5-0683-4D5D-9FAD-000791C7591B}.AppStore|Any CPU.Build.0 = Debug|Any CPU
		{A3E019E5-0683-4D5D-9FAD-000791C7591B}.AppStore|Any CPU.Deploy.0 = Debug|Any CPU
		{A3E019E5-0683-4D5D-9FAD-000791C7591B}.AppStore|ARM.ActiveCfg = Debug|Any CPU
		{A3E019E5-0683-4D5D-9FAD-000791C7591B}.AppStore|ARM.Build.0 = Debug|Any CPU
		{A3E019E5-0683-4D5D-9FAD-000791C7591B}.AppStore|ARM.Deploy.0 = Debug|Any CPU
		{A3E019E5-0683-4D5D-9FAD-000791C7591B}.AppStore|iPhone.ActiveCfg = Debug|Any CPU
		{A3E019E5-0683-4D5D-9FAD-000791C7591B}.AppStore|iPhone.Build.0 = Debug|Any CPU
		{A3E019E5-0683-4D5D-9FAD-000791C7591B}.AppStore|iPhone.Deploy.0 = Debug|Any CPU
		{A3E019E5-0683-4D5D-9FAD-000791C7591B}.AppStore|iPhoneSimulator.ActiveCfg = Debug|Any CPU
		{A3E019E5-0683-4D5D-9FAD-000791C7591B}.AppStore|iPhoneSimulator.Build.0 = Debug|Any CPU
		{A3E019E5-0683-4D5D-9FAD-000791C7591B}.AppStore|iPhoneSimulator.Deploy.0 = Debug|Any CPU
		{A3E019E5-0683-4D5D-9FAD-000791C7591B}.AppStore|x64.ActiveCfg = Debug|Any CPU
		{A3E019E5-0683-4D5D-9FAD-000791C7591B}.AppStore|x64.Build.0 = Debug|Any CPU
		{A3E019E5-0683-4D5D-9FAD-000791C7591B}.AppStore|x64.Deploy.0 = Debug|Any CPU
		{A3E019E5-0683-4D5D-9FAD-000791C7591B}.AppStore|x86.ActiveCfg = Debug|Any CPU
		{A3E019E5-0683-4D5D-9FAD-000791C7591B}.AppStore|x86.Build.0 = Debug|Any CPU
		{A3E019E5-0683-4D5D-9FAD-000791C7591B}.AppStore|x86.Deploy.0 = Debug|Any CPU
		{A3E019E5-0683-4D5D-9FAD-000791C7591B}.Debug|Any CPU.ActiveCfg = Debug|Any CPU
		{A3E019E5-0683-4D5D-9FAD-000791C7591B}.Debug|Any CPU.Build.0 = Debug|Any CPU
		{A3E019E5-0683-4D5D-9FAD-000791C7591B}.Debug|Any CPU.Deploy.0 = Debug|Any CPU
		{A3E019E5-0683-4D5D-9FAD-000791C7591B}.Debug|ARM.ActiveCfg = Debug|Any CPU
		{A3E019E5-0683-4D5D-9FAD-000791C7591B}.Debug|ARM.Build.0 = Debug|Any CPU
		{A3E019E5-0683-4D5D-9FAD-000791C7591B}.Debug|ARM.Deploy.0 = Debug|Any CPU
		{A3E019E5-0683-4D5D-9FAD-000791C7591B}.Debug|iPhone.ActiveCfg = Debug|Any CPU
		{A3E019E5-0683-4D5D-9FAD-000791C7591B}.Debug|iPhone.Build.0 = Debug|Any CPU
		{A3E019E5-0683-4D5D-9FAD-000791C7591B}.Debug|iPhone.Deploy.0 = Debug|Any CPU
		{A3E019E5-0683-4D5D-9FAD-000791C7591B}.Debug|iPhoneSimulator.ActiveCfg = Debug|Any CPU
		{A3E019E5-0683-4D5D-9FAD-000791C7591B}.Debug|iPhoneSimulator.Build.0 = Debug|Any CPU
		{A3E019E5-0683-4D5D-9FAD-000791C7591B}.Debug|iPhoneSimulator.Deploy.0 = Debug|Any CPU
		{A3E019E5-0683-4D5D-9FAD-000791C7591B}.Debug|x64.ActiveCfg = Debug|Any CPU
		{A3E019E5-0683-4D5D-9FAD-000791C7591B}.Debug|x64.Build.0 = Debug|Any CPU
		{A3E019E5-0683-4D5D-9FAD-000791C7591B}.Debug|x64.Deploy.0 = Debug|Any CPU
		{A3E019E5-0683-4D5D-9FAD-000791C7591B}.Debug|x86.ActiveCfg = Debug|Any CPU
		{A3E019E5-0683-4D5D-9FAD-000791C7591B}.Debug|x86.Build.0 = Debug|Any CPU
		{A3E019E5-0683-4D5D-9FAD-000791C7591B}.Debug|x86.Deploy.0 = Debug|Any CPU
		{A3E019E5-0683-4D5D-9FAD-000791C7591B}.Release|Any CPU.ActiveCfg = Release|Any CPU
		{A3E019E5-0683-4D5D-9FAD-000791C7591B}.Release|Any CPU.Build.0 = Release|Any CPU
		{A3E019E5-0683-4D5D-9FAD-000791C7591B}.Release|Any CPU.Deploy.0 = Release|Any CPU
		{A3E019E5-0683-4D5D-9FAD-000791C7591B}.Release|ARM.ActiveCfg = Release|Any CPU
		{A3E019E5-0683-4D5D-9FAD-000791C7591B}.Release|ARM.Build.0 = Release|Any CPU
		{A3E019E5-0683-4D5D-9FAD-000791C7591B}.Release|ARM.Deploy.0 = Release|Any CPU
		{A3E019E5-0683-4D5D-9FAD-000791C7591B}.Release|iPhone.ActiveCfg = Release|Any CPU
		{A3E019E5-0683-4D5D-9FAD-000791C7591B}.Release|iPhone.Build.0 = Release|Any CPU
		{A3E019E5-0683-4D5D-9FAD-000791C7591B}.Release|iPhone.Deploy.0 = Release|Any CPU
		{A3E019E5-0683-4D5D-9FAD-000791C7591B}.Release|iPhoneSimulator.ActiveCfg = Release|Any CPU
		{A3E019E5-0683-4D5D-9FAD-000791C7591B}.Release|iPhoneSimulator.Build.0 = Release|Any CPU
		{A3E019E5-0683-4D5D-9FAD-000791C7591B}.Release|iPhoneSimulator.Deploy.0 = Release|Any CPU
		{A3E019E5-0683-4D5D-9FAD-000791C7591B}.Release|x64.ActiveCfg = Release|Any CPU
		{A3E019E5-0683-4D5D-9FAD-000791C7591B}.Release|x64.Build.0 = Release|Any CPU
		{A3E019E5-0683-4D5D-9FAD-000791C7591B}.Release|x64.Deploy.0 = Release|Any CPU
		{A3E019E5-0683-4D5D-9FAD-000791C7591B}.Release|x86.ActiveCfg = Release|Any CPU
		{A3E019E5-0683-4D5D-9FAD-000791C7591B}.Release|x86.Build.0 = Release|Any CPU
		{A3E019E5-0683-4D5D-9FAD-000791C7591B}.Release|x86.Deploy.0 = Release|Any CPU
	EndGlobalSection
	GlobalSection(SolutionProperties) = preSolution
		HideSolutionNode = FALSE
	EndGlobalSection
	GlobalSection(ExtensibilityGlobals) = postSolution
		SolutionGuid = {D7CCCEB5-4FD5-4F69-B7CD-37887DF05FC2}
	EndGlobalSection
EndGlobal
